schema: '2.0'
stages:
  load_data:
    cmd: python src/load_data.py --config=params.yaml
    deps:
    - path: data_given/winequality.csv
      md5: ccc8d3507eb151f53f760d36abdef888
      size: 91998
    - path: src/get_data.py
      md5: 58b775e3eeb2acf22debca009096edfa
      size: 693
    - path: src/load_data.py
      md5: 0a0ae7f28c51a31a6a8d772f24bae1d8
      size: 634
    outs:
    - path: data/raw/winequality.csv
      md5: d98e8f2eca228c11c4de1cc96866a54d
      size: 93598
